
Microsoft Visual Studio Solution File, Format Version 12.00
# Visual Studio Version 17
VisualStudioVersion = 17.4.33213.308
MinimumVisualStudioVersion = 10.0.40219.1
Project("{FAE04EC0-301F-11D3-BF4B-00C04F79EFBC}") = "PrimeiraApi", "PrimeiraApi\PrimeiraApi.csproj", "{145E026F-E248-4ECF-9878-EBF868DF577E}"
EndProject
Project("{2150E333-8FDC-42A3-9474-1A3956D46DE8}") = "Itens de Solução", "Itens de Solução", "{6187773B-5606-4956-97BD-A12110F4B262}"
	ProjectSection(SolutionItems) = preProject
		README.md = README.md
	EndProjectSection
EndProject
Global
	GlobalSection(SolutionConfigurationPlatforms) = preSolution
		Debug|Any CPU = Debug|Any CPU
		Release|Any CPU = Release|Any CPU
	EndGlobalSection
	GlobalSection(ProjectConfigurationPlatforms) = postSolution
		{145E026F-E248-4ECF-9878-EBF868DF577E}.Debug|Any CPU.ActiveCfg = Debug|Any CPU
		{145E026F-E248-4ECF-9878-EBF868DF577E}.Debug|Any CPU.Build.0 = Debug|Any CPU
		{145E026F-E248-4ECF-9878-EBF868DF577E}.Release|Any CPU.ActiveCfg = Release|Any CPU
		{145E026F-E248-4ECF-9878-EBF868DF577E}.Release|Any CPU.Build.0 = Release|Any CPU
	EndGlobalSection
	GlobalSection(SolutionProperties) = preSolution
		HideSolutionNode = FALSE
	EndGlobalSection
	GlobalSection(ExtensibilityGlobals) = postSolution
		SolutionGuid = {46EFDCC0-87C7-4D25-967F-53C7DD9B1EC2}
	EndGlobalSection
EndGlobal
